dependencies:
- name: minio
  repository: https://charts.min.io/
  version: 5.4.0
- name: grafana-agent-operator
  repository: https://grafana.github.io/helm-charts
  version: 0.5.2
- name: rollout-operator
  repository: https://grafana.github.io/helm-charts
  version: 0.42.0
digest: sha256:7e16e51c7b7711741d8b2566e620f6dba5b5e008aa960ec7541e6a48e1b2e48d
generated: "2026-02-21T01:17:52.238827939Z"
